
Microsoft Visual Studio Solution File, Format Version 12.00
# Visual Studio Version 16
VisualStudioVersion = 16.0.31410.357
MinimumVisualStudioVersion = 10.0.40219.1
Project("{FAE04EC0-301F-11D3-BF4B-00C04F79EFBC}") = "Day20-MoodAnalyzerAssignment", "Day20-MoodAnalyzerAssignment\Day20-MoodAnalyzerAssignment.csproj", "{B7455843-372F-4BC9-BCCB-B98F7560AEC1}"
EndProject
Project("{FAE04EC0-301F-11D3-BF4B-00C04F79EFBC}") = "TestProject1", "TestProject1\TestProject1.csproj", "{ACAE9495-6CC0-46EF-9B24-8656E1ACE285}"
EndProject
Global
	GlobalSection(SolutionConfigurationPlatforms) = preSolution
		Debug|Any CPU = Debug|Any CPU
		Release|Any CPU = Release|Any CPU
	EndGlobalSection
	GlobalSection(ProjectConfigurationPlatforms) = postSolution
		{B7455843-372F-4BC9-BCCB-B98F7560AEC1}.Debug|Any CPU.ActiveCfg = Debug|Any CPU
		{B7455843-372F-4BC9-BCCB-B98F7560AEC1}.Debug|Any CPU.Build.0 = Debug|Any CPU
		{B7455843-372F-4BC9-BCCB-B98F7560AEC1}.Release|Any CPU.ActiveCfg = Release|Any CPU
		{B7455843-372F-4BC9-BCCB-B98F7560AEC1}.Release|Any CPU.Build.0 = Release|Any CPU
		{ACAE9495-6CC0-46EF-9B24-8656E1ACE285}.Debug|Any CPU.ActiveCfg = Debug|Any CPU
		{ACAE9495-6CC0-46EF-9B24-8656E1ACE285}.Debug|Any CPU.Build.0 = Debug|Any CPU
		{ACAE9495-6CC0-46EF-9B24-8656E1ACE285}.Release|Any CPU.ActiveCfg = Release|Any CPU
		{ACAE9495-6CC0-46EF-9B24-8656E1ACE285}.Release|Any CPU.Build.0 = Release|Any CPU
	EndGlobalSection
	GlobalSection(SolutionProperties) = preSolution
		HideSolutionNode = FALSE
	EndGlobalSection
	GlobalSection(ExtensibilityGlobals) = postSolution
		SolutionGuid = {67E04521-3FDC-4495-AD59-3C37E3257D84}
	EndGlobalSection
EndGlobal
